
Microsoft Visual Studio Solution File, Format Version 10.00
# Visual Studio 2008
Project("{8BC9CEB8-8B4A-11D0-8D11-00A0C91BC942}") = "string-test", "string-test.vcproj", "{CED19D59-BB08-4EC0-BDCA-D5B8137EC2B5}"
EndProject
Global
	GlobalSection(SolutionConfigurationPlatforms) = preSolution
		Debug|Win32 = Debug|Win32
		Release|Win32 = Release|Win32
	EndGlobalSection
	GlobalSection(ProjectConfigurationPlatforms) = postSolution
		{CED19D59-BB08-4EC0-BDCA-D5B8137EC2B5}.Debug|Win32.ActiveCfg = Debug|Win32
		{CED19D59-BB08-4EC0-BDCA-D5B8137EC2B5}.Debug|Win32.Build.0 = Debug|Win32
		{CED19D59-BB08-4EC0-BDCA-D5B8137EC2B5}.Release|Win32.ActiveCfg = Release|Win32
		{CED19D59-BB08-4EC0-BDCA-D5B8137EC2B5}.Release|Win32.Build.0 = Release|Win32
	EndGlobalSection
	GlobalSection(SolutionProperties) = preSolution
		HideSolutionNode = FALSE
	EndGlobalSection
EndGlobal
